<?xml version="1.0" encoding="utf-8"?>
<Project ToolsVersion="14.0" xmlns="http://schemas.microsoft.com/developer/msbuild/2003">
  <ItemGroup>
    <Filter Include="Resources">
      <UniqueIdentifier>31a5bc9f-0f58-4f0f-8bfd-24c7b0da76f5</UniqueIdentifier>
      <Extensions>rc;ico;cur;bmp;dlg;rc2;rct;bin;rgs;gif;jpg;jpeg;jpe;resx;tga;tiff;tif;png;wav;mfcribbon-ms</Extensions>
    </Filter>
  </ItemGroup>
  <ItemGroup>
    <ClCompile Include="pch.cpp" />
    <ClCompile Include="Board.cpp" />
    <ClCompile Include="EndgameTable.cpp" />
    <ClCompile Include="Evaluation.cpp" />
    <ClCompile Include="main.cpp" />
    <ClCompile Include="MoveGenerator.cpp" />
    <ClCompile Include="Search.cpp" />
    <ClCompile Include="StaticExchangeEvaluator.cpp" />
    <ClCompile Include="Tests.cpp" />
    <ClCompile Include="TranspositionTable.cpp" />
    <ClCompile Include="Types.cpp" />
    <ClCompile Include="ChessEngine.cpp" />
  </ItemGroup>
  <ItemGroup>
    <ClInclude Include="pch.h" />
    <ClInclude Include="Board.h" />
    <ClInclude Include="EndgameTable.h" />
    <ClInclude Include="Evaluation.h" />
    <ClInclude Include="HashTable.h" />
    <ClInclude Include="MoveGenerator.h" />
    <ClInclude Include="Search.h" />
    <ClInclude Include="StaticExchangeEvaluator.h" />
    <ClInclude Include="Tests.h" />
    <ClInclude Include="TranspositionTable.h" />
    <ClInclude Include="Types.h" />
    <ClInclude Include="ChessEngine.h" />
  </ItemGroup>
</Project>